<Solution>
  <Folder Name="/src/">
    <Project Path="src/Api/Api.csproj" />
  </Folder>
  <Folder Name="/src/Modules/" />
  <Folder Name="/src/Modules/Audit/">
    <Project Path="src/Modules/Audit/Audit.Api/Audit.Api.csproj" />
    <Project Path="src/Modules/Audit/Audit.Application/Audit.Application.csproj" />
    <Project Path="src/Modules/Audit/Audit.Contracts/Audit.Contracts.csproj" />
    <Project Path="src/Modules/Audit/Audit.Domain/Audit.Domain.csproj" />
    <Project Path="src/Modules/Audit/Audit.Infrastructure/Audit.Infrastructure.csproj" />
    <Project Path="src/Modules/Audit/Audit.IntegrationTests/Audit.IntegrationTests.csproj" />
  </Folder>
  <Folder Name="/src/Modules/ControlPlane/">
    <Project Path="src/Modules/ControlPlane/ControlPlane.Api/ControlPlane.Api.csproj" />
    <Project Path="src/Modules/ControlPlane/ControlPlane.Application/ControlPlane.Application.csproj" />
    <Project Path="src/Modules/ControlPlane/ControlPlane.Contracts/ControlPlane.Contracts.csproj" />
    <Project Path="src/Modules/ControlPlane/ControlPlane.Domain/ControlPlane.Domain.csproj" />
    <Project Path="src/Modules/ControlPlane/ControlPlane.Infrastructure/ControlPlane.Infrastructure.csproj" />
    <Project Path="src/Modules/ControlPlane/ControlPlane.IntegrationTests/ControlPlane.IntegrationTests.csproj" />
    <Project Path="src/Modules/ControlPlane/ControlPlane.UnitTests/ControlPlane.UnitTests.csproj" />
  </Folder>
  <Folder Name="/src/Modules/Notifications/">
    <Project Path="src/Modules/Notifications/Notifications.Api/Notifications.Api.csproj" />
    <Project Path="src/Modules/Notifications/Notifications.Application/Notifications.Application.csproj" />
    <Project Path="src/Modules/Notifications/Notifications.Contracts/Notifications.Contracts.csproj" />
    <Project Path="src/Modules/Notifications/Notifications.Domain/Notifications.Domain.csproj" />
    <Project Path="src/Modules/Notifications/Notifications.Infrastructure/Notifications.Infrastructure.csproj" />
    <Project Path="src/Modules/Notifications/Notifications.UnitTests/Notifications.UnitTests.csproj" />
  </Folder>
  <Folder Name="/src/Shared/">
    <Project Path="src/Shared/SharedKernel/SharedKernel.csproj" />
    <Project Path="src/Shared/SharedKernel.UnitTests/SharedKernel.UnitTests.csproj" />
    <Project Path="src/Shared/Tenancy/Tenancy.csproj" />
    <Project Path="src/Shared/Tenancy.IntegrationTests/Tenancy.IntegrationTests.csproj" />
  </Folder>
  <Folder Name="/tests/">
    <Project Path="tests/Architecture.Tests/Architecture.Tests.csproj" />
    <Project Path="tests/Api.IntegrationTests/Api.IntegrationTests.csproj" />
    <Project Path="tests/Onboarding.EndToEndTests/Onboarding.EndToEndTests.csproj" />
  </Folder>
</Solution>
