
Microsoft Visual Studio Solution File, Format Version 12.00
# Visual Studio Version 17
VisualStudioVersion = 17.0.31903.59
MinimumVisualStudioVersion = 10.0.40219.1
Project("{2150E333-8FDC-42A3-9474-1A3956D46DE8}") = "src", "src", "{827E0CD3-B72D-47B6-A68D-7590B98EB39B}"
EndProject
Project("{FAE04EC0-301F-11D3-BF4B-00C04F79EFBC}") = "Api.Domain", "src\Api.Domain\Api.Domain.csproj", "{5175A9E1-CE16-4943-91EC-7F6E4B63347B}"
EndProject
Project("{FAE04EC0-301F-11D3-BF4B-00C04F79EFBC}") = "Api.Application", "src\Api.Application\Api.Application.csproj", "{FB0BC066-3324-456C-AF28-146CEA718587}"
EndProject
Project("{FAE04EC0-301F-11D3-BF4B-00C04F79EFBC}") = "Api.Infrastructure", "src\Api.Infrastructure\Api.Infrastructure.csproj", "{9BD9153A-C027-4652-AA1E-0266E53EA753}"
EndProject
Project("{FAE04EC0-301F-11D3-BF4B-00C04F79EFBC}") = "Api.Host", "src\Api.Host\Api.Host.csproj", "{4293D4DF-460A-4219-BB1C-203BD81EE763}"
EndProject
Project("{2150E333-8FDC-42A3-9474-1A3956D46DE8}") = "tests", "tests", "{0AB3BF05-4346-4AA6-1389-037BE0695223}"
EndProject
Project("{FAE04EC0-301F-11D3-BF4B-00C04F79EFBC}") = "Api.Tests.Unit", "tests\Api.Tests.Unit\Api.Tests.Unit.csproj", "{4C139ED4-E868-4F77-B149-CFBD1185D899}"
EndProject
Global
	GlobalSection(SolutionConfigurationPlatforms) = preSolution
		Debug|Any CPU = Debug|Any CPU
		Debug|x64 = Debug|x64
		Debug|x86 = Debug|x86
		Release|Any CPU = Release|Any CPU
		Release|x64 = Release|x64
		Release|x86 = Release|x86
	EndGlobalSection
	GlobalSection(ProjectConfigurationPlatforms) = postSolution
		{5175A9E1-CE16-4943-91EC-7F6E4B63347B}.Debug|Any CPU.ActiveCfg = Debug|Any CPU
		{5175A9E1-CE16-4943-91EC-7F6E4B63347B}.Debug|Any CPU.Build.0 = Debug|Any CPU
		{5175A9E1-CE16-4943-91EC-7F6E4B63347B}.Debug|x64.ActiveCfg = Debug|Any CPU
		{5175A9E1-CE16-4943-91EC-7F6E4B63347B}.Debug|x64.Build.0 = Debug|Any CPU
		{5175A9E1-CE16-4943-91EC-7F6E4B63347B}.Debug|x86.ActiveCfg = Debug|Any CPU
		{5175A9E1-CE16-4943-91EC-7F6E4B63347B}.Debug|x86.Build.0 = Debug|Any CPU
		{5175A9E1-CE16-4943-91EC-7F6E4B63347B}.Release|Any CPU.ActiveCfg = Release|Any CPU
		{5175A9E1-CE16-4943-91EC-7F6E4B63347B}.Release|Any CPU.Build.0 = Release|Any CPU
		{5175A9E1-CE16-4943-91EC-7F6E4B63347B}.Release|x64.ActiveCfg = Release|Any CPU
		{5175A9E1-CE16-4943-91EC-7F6E4B63347B}.Release|x64.Build.0 = Release|Any CPU
		{5175A9E1-CE16-4943-91EC-7F6E4B63347B}.Release|x86.ActiveCfg = Release|Any CPU
		{5175A9E1-CE16-4943-91EC-7F6E4B63347B}.Release|x86.Build.0 = Release|Any CPU
		{FB0BC066-3324-456C-AF28-146CEA718587}.Debug|Any CPU.ActiveCfg = Debug|Any CPU
		{FB0BC066-3324-456C-AF28-146CEA718587}.Debug|Any CPU.Build.0 = Debug|Any CPU
		{FB0BC066-3324-456C-AF28-146CEA718587}.Debug|x64.ActiveCfg = Debug|Any CPU
		{FB0BC066-3324-456C-AF28-146CEA718587}.Debug|x64.Build.0 = Debug|Any CPU
		{FB0BC066-3324-456C-AF28-146CEA718587}.Debug|x86.ActiveCfg = Debug|Any CPU
		{FB0BC066-3324-456C-AF28-146CEA718587}.Debug|x86.Build.0 = Debug|Any CPU
		{FB0BC066-3324-456C-AF28-146CEA718587}.Release|Any CPU.ActiveCfg = Release|Any CPU
		{FB0BC066-3324-456C-AF28-146CEA718587}.Release|Any CPU.Build.0 = Release|Any CPU
		{FB0BC066-3324-456C-AF28-146CEA718587}.Release|x64.ActiveCfg = Release|Any CPU
		{FB0BC066-3324-456C-AF28-146CEA718587}.Release|x64.Build.0 = Release|Any CPU
		{FB0BC066-3324-456C-AF28-146CEA718587}.Release|x86.ActiveCfg = Release|Any CPU
		{FB0BC066-3324-456C-AF28-146CEA718587}.Release|x86.Build.0 = Release|Any CPU
		{9BD9153A-C027-4652-AA1E-0266E53EA753}.Debug|Any CPU.ActiveCfg = Debug|Any CPU
		{9BD9153A-C027-4652-AA1E-0266E53EA753}.Debug|Any CPU.Build.0 = Debug|Any CPU
		{9BD9153A-C027-4652-AA1E-0266E53EA753}.Debug|x64.ActiveCfg = Debug|Any CPU
		{9BD9153A-C027-4652-AA1E-0266E53EA753}.Debug|x64.Build.0 = Debug|Any CPU
		{9BD9153A-C027-4652-AA1E-0266E53EA753}.Debug|x86.ActiveCfg = Debug|Any CPU
		{9BD9153A-C027-4652-AA1E-0266E53EA753}.Debug|x86.Build.0 = Debug|Any CPU
		{9BD9153A-C027-4652-AA1E-0266E53EA753}.Release|Any CPU.ActiveCfg = Release|Any CPU
		{9BD9153A-C027-4652-AA1E-0266E53EA753}.Release|Any CPU.Build.0 = Release|Any CPU
		{9BD9153A-C027-4652-AA1E-0266E53EA753}.Release|x64.ActiveCfg = Release|Any CPU
		{9BD9153A-C027-4652-AA1E-0266E53EA753}.Release|x64.Build.0 = Release|Any CPU
		{9BD9153A-C027-4652-AA1E-0266E53EA753}.Release|x86.ActiveCfg = Release|Any CPU
		{9BD9153A-C027-4652-AA1E-0266E53EA753}.Release|x86.Build.0 = Release|Any CPU
		{4293D4DF-460A-4219-BB1C-203BD81EE763}.Debug|Any CPU.ActiveCfg = Debug|Any CPU
		{4293D4DF-460A-4219-BB1C-203BD81EE763}.Debug|Any CPU.Build.0 = Debug|Any CPU
		{4293D4DF-460A-4219-BB1C-203BD81EE763}.Debug|x64.ActiveCfg = Debug|Any CPU
		{4293D4DF-460A-4219-BB1C-203BD81EE763}.Debug|x64.Build.0 = Debug|Any CPU
		{4293D4DF-460A-4219-BB1C-203BD81EE763}.Debug|x86.ActiveCfg = Debug|Any CPU
		{4293D4DF-460A-4219-BB1C-203BD81EE763}.Debug|x86.Build.0 = Debug|Any CPU
		{4293D4DF-460A-4219-BB1C-203BD81EE763}.Release|Any CPU.ActiveCfg = Release|Any CPU
		{4293D4DF-460A-4219-BB1C-203BD81EE763}.Release|Any CPU.Build.0 = Release|Any CPU
		{4293D4DF-460A-4219-BB1C-203BD81EE763}.Release|x64.ActiveCfg = Release|Any CPU
		{4293D4DF-460A-4219-BB1C-203BD81EE763}.Release|x64.Build.0 = Release|Any CPU
		{4293D4DF-460A-4219-BB1C-203BD81EE763}.Release|x86.ActiveCfg = Release|Any CPU
		{4293D4DF-460A-4219-BB1C-203BD81EE763}.Release|x86.Build.0 = Release|Any CPU
		{4C139ED4-E868-4F77-B149-CFBD1185D899}.Debug|Any CPU.ActiveCfg = Debug|Any CPU
		{4C139ED4-E868-4F77-B149-CFBD1185D899}.Debug|Any CPU.Build.0 = Debug|Any CPU
		{4C139ED4-E868-4F77-B149-CFBD1185D899}.Debug|x64.ActiveCfg = Debug|Any CPU
		{4C139ED4-E868-4F77-B149-CFBD1185D899}.Debug|x64.Build.0 = Debug|Any CPU
		{4C139ED4-E868-4F77-B149-CFBD1185D899}.Debug|x86.ActiveCfg = Debug|Any CPU
		{4C139ED4-E868-4F77-B149-CFBD1185D899}.Debug|x86.Build.0 = Debug|Any CPU
		{4C139ED4-E868-4F77-B149-CFBD1185D899}.Release|Any CPU.ActiveCfg = Release|Any CPU
		{4C139ED4-E868-4F77-B149-CFBD1185D899}.Release|Any CPU.Build.0 = Release|Any CPU
		{4C139ED4-E868-4F77-B149-CFBD1185D899}.Release|x64.ActiveCfg = Release|Any CPU
		{4C139ED4-E868-4F77-B149-CFBD1185D899}.Release|x64.Build.0 = Release|Any CPU
		{4C139ED4-E868-4F77-B149-CFBD1185D899}.Release|x86.ActiveCfg = Release|Any CPU
		{4C139ED4-E868-4F77-B149-CFBD1185D899}.Release|x86.Build.0 = Release|Any CPU
	EndGlobalSection
	GlobalSection(SolutionProperties) = preSolution
		HideSolutionNode = FALSE
	EndGlobalSection
	GlobalSection(NestedProjects) = preSolution
		{5175A9E1-CE16-4943-91EC-7F6E4B63347B} = {827E0CD3-B72D-47B6-A68D-7590B98EB39B}
		{FB0BC066-3324-456C-AF28-146CEA718587} = {827E0CD3-B72D-47B6-A68D-7590B98EB39B}
		{9BD9153A-C027-4652-AA1E-0266E53EA753} = {827E0CD3-B72D-47B6-A68D-7590B98EB39B}
		{4293D4DF-460A-4219-BB1C-203BD81EE763} = {827E0CD3-B72D-47B6-A68D-7590B98EB39B}
		{4C139ED4-E868-4F77-B149-CFBD1185D899} = {0AB3BF05-4346-4AA6-1389-037BE0695223}
	EndGlobalSection
EndGlobal
